
Microsoft Visual Studio Solution File, Format Version 12.00
# Visual Studio Version 16
VisualStudioVersion = 16.0.30804.86
MinimumVisualStudioVersion = 10.0.40219.1
Project("{FAE04EC0-301F-11D3-BF4B-00C04F79EFBC}") = "SpritePaddingMaker", "SpritePaddingMaker\SpritePaddingMaker.csproj", "{B0532FE4-BD95-43DC-B57C-18251285D131}"
EndProject
Global
	GlobalSection(SolutionConfigurationPlatforms) = preSolution
		Debug|Any CPU = Debug|Any CPU
		Release|Any CPU = Release|Any CPU
	EndGlobalSection
	GlobalSection(ProjectConfigurationPlatforms) = postSolution
		{B0532FE4-BD95-43DC-B57C-18251285D131}.Debug|Any CPU.ActiveCfg = Debug|Any CPU
		{B0532FE4-BD95-43DC-B57C-18251285D131}.Debug|Any CPU.Build.0 = Debug|Any CPU
		{B0532FE4-BD95-43DC-B57C-18251285D131}.Release|Any CPU.ActiveCfg = Release|Any CPU
		{B0532FE4-BD95-43DC-B57C-18251285D131}.Release|Any CPU.Build.0 = Release|Any CPU
	EndGlobalSection
	GlobalSection(SolutionProperties) = preSolution
		HideSolutionNode = FALSE
	EndGlobalSection
	GlobalSection(ExtensibilityGlobals) = postSolution
		SolutionGuid = {DA48561E-12C3-480C-A42A-60422037CDDF}
	EndGlobalSection
EndGlobal
